
Microsoft Visual Studio Solution File, Format Version 12.00
# Visual Studio Version 16
VisualStudioVersion = 16.0.30611.23
MinimumVisualStudioVersion = 10.0.40219.1
Project("{FAE04EC0-301F-11D3-BF4B-00C04F79EFBC}") = "OOPAssignment", "OOPAssignment\OOPAssignment.csproj", "{7F9747DD-69CD-46BE-A7C8-8EBD61D092B7}"
EndProject
Global
	GlobalSection(SolutionConfigurationPlatforms) = preSolution
		Debug|Any CPU = Debug|Any CPU
		Release|Any CPU = Release|Any CPU
	EndGlobalSection
	GlobalSection(ProjectConfigurationPlatforms) = postSolution
		{7F9747DD-69CD-46BE-A7C8-8EBD61D092B7}.Debug|Any CPU.ActiveCfg = Debug|Any CPU
		{7F9747DD-69CD-46BE-A7C8-8EBD61D092B7}.Debug|Any CPU.Build.0 = Debug|Any CPU
		{7F9747DD-69CD-46BE-A7C8-8EBD61D092B7}.Release|Any CPU.ActiveCfg = Release|Any CPU
		{7F9747DD-69CD-46BE-A7C8-8EBD61D092B7}.Release|Any CPU.Build.0 = Release|Any CPU
	EndGlobalSection
	GlobalSection(SolutionProperties) = preSolution
		HideSolutionNode = FALSE
	EndGlobalSection
	GlobalSection(ExtensibilityGlobals) = postSolution
		SolutionGuid = {89F23D23-89B0-492C-AADD-A96B14AB61F5}
	EndGlobalSection
EndGlobal
